
Microsoft Visual Studio Solution File, Format Version 12.00
# Visual Studio Version 17
VisualStudioVersion = 17.3.32819.101
MinimumVisualStudioVersion = 10.0.40219.1
Project("{FAE04EC0-301F-11D3-BF4B-00C04F79EFBC}") = "MisNotas", "MisNotas\MisNotas.csproj", "{AADE7566-A893-4CD3-A6AE-8D019349BBDD}"
EndProject
Global
	GlobalSection(SolutionConfigurationPlatforms) = preSolution
		Debug|Any CPU = Debug|Any CPU
		Release|Any CPU = Release|Any CPU
	EndGlobalSection
	GlobalSection(ProjectConfigurationPlatforms) = postSolution
		{AADE7566-A893-4CD3-A6AE-8D019349BBDD}.Debug|Any CPU.ActiveCfg = Debug|Any CPU
		{AADE7566-A893-4CD3-A6AE-8D019349BBDD}.Debug|Any CPU.Build.0 = Debug|Any CPU
		{AADE7566-A893-4CD3-A6AE-8D019349BBDD}.Release|Any CPU.ActiveCfg = Release|Any CPU
		{AADE7566-A893-4CD3-A6AE-8D019349BBDD}.Release|Any CPU.Build.0 = Release|Any CPU
	EndGlobalSection
	GlobalSection(SolutionProperties) = preSolution
		HideSolutionNode = FALSE
	EndGlobalSection
	GlobalSection(ExtensibilityGlobals) = postSolution
		SolutionGuid = {3996B499-FE69-428D-A2DD-279F770A55FC}
	EndGlobalSection
EndGlobal
